
Microsoft Visual Studio Solution File, Format Version 12.00
# Visual Studio 15
VisualStudioVersion = 15.0.28307.168
MinimumVisualStudioVersion = 10.0.40219.1
Project("{FAE04EC0-301F-11D3-BF4B-00C04F79EFBC}") = "Minirechner_C", "Minirechner_C\Minirechner_C.csproj", "{74EC9864-D2B0-4916-A2DA-5239F1BB2169}"
EndProject
Global
	GlobalSection(SolutionConfigurationPlatforms) = preSolution
		Debug|Any CPU = Debug|Any CPU
		Release|Any CPU = Release|Any CPU
	EndGlobalSection
	GlobalSection(ProjectConfigurationPlatforms) = postSolution
		{74EC9864-D2B0-4916-A2DA-5239F1BB2169}.Debug|Any CPU.ActiveCfg = Debug|Any CPU
		{74EC9864-D2B0-4916-A2DA-5239F1BB2169}.Debug|Any CPU.Build.0 = Debug|Any CPU
		{74EC9864-D2B0-4916-A2DA-5239F1BB2169}.Release|Any CPU.ActiveCfg = Release|Any CPU
		{74EC9864-D2B0-4916-A2DA-5239F1BB2169}.Release|Any CPU.Build.0 = Release|Any CPU
	EndGlobalSection
	GlobalSection(SolutionProperties) = preSolution
		HideSolutionNode = FALSE
	EndGlobalSection
	GlobalSection(ExtensibilityGlobals) = postSolution
		SolutionGuid = {0EC566A7-E353-446C-92BA-FE2104BCEE8C}
	EndGlobalSection
EndGlobal
